
Microsoft Visual Studio Solution File, Format Version 12.00
# Visual Studio Version 17
VisualStudioVersion = 17.14.36408.4
MinimumVisualStudioVersion = 10.0.40219.1
Project("{FAE04EC0-301F-11D3-BF4B-00C04F79EFBC}") = "TemplateMethodApp", "TemplateMethodApp\TemplateMethodApp.csproj", "{F78519BD-D9B3-628F-C1F2-5EA53A7B4696}"
EndProject
Project("{2150E333-8FDC-42A3-9474-1A3956D46DE8}") = "docs", "docs", "{02EA681E-C7D8-13C7-8484-4AC65E1B71E8}"
	ProjectSection(SolutionItems) = preProject
		README..md = README..md
		specs.md = specs.md
	EndProjectSection
EndProject
Project("{FAE04EC0-301F-11D3-BF4B-00C04F79EFBC}") = "TemplateMethodApp.Tests", "TemplateMethodApp.Tests\TemplateMethodApp.Tests.csproj", "{2E62AD1C-1D5C-4CEF-BC4E-E45C36CF37AB}"
EndProject
Project("{2150E333-8FDC-42A3-9474-1A3956D46DE8}") = ".github", ".github", "{0449C1ED-0C1C-4768-8336-85CA367D359D}"
	ProjectSection(SolutionItems) = preProject
		.github\copilot-instructions.md = .github\copilot-instructions.md
	EndProjectSection
EndProject
Project("{2150E333-8FDC-42A3-9474-1A3956D46DE8}") = "workflows", "workflows", "{A3A739C6-D552-4EE4-BD2E-DF86C9488155}"
	ProjectSection(SolutionItems) = preProject
		.github\workflows\CI.md = .github\workflows\CI.md
	EndProjectSection
EndProject
Global
	GlobalSection(SolutionConfigurationPlatforms) = preSolution
		Debug|Any CPU = Debug|Any CPU
		Release|Any CPU = Release|Any CPU
	EndGlobalSection
	GlobalSection(ProjectConfigurationPlatforms) = postSolution
		{F78519BD-D9B3-628F-C1F2-5EA53A7B4696}.Debug|Any CPU.ActiveCfg = Debug|Any CPU
		{F78519BD-D9B3-628F-C1F2-5EA53A7B4696}.Debug|Any CPU.Build.0 = Debug|Any CPU
		{F78519BD-D9B3-628F-C1F2-5EA53A7B4696}.Release|Any CPU.ActiveCfg = Release|Any CPU
		{F78519BD-D9B3-628F-C1F2-5EA53A7B4696}.Release|Any CPU.Build.0 = Release|Any CPU
		{2E62AD1C-1D5C-4CEF-BC4E-E45C36CF37AB}.Debug|Any CPU.ActiveCfg = Debug|Any CPU
		{2E62AD1C-1D5C-4CEF-BC4E-E45C36CF37AB}.Debug|Any CPU.Build.0 = Debug|Any CPU
		{2E62AD1C-1D5C-4CEF-BC4E-E45C36CF37AB}.Release|Any CPU.ActiveCfg = Release|Any CPU
		{2E62AD1C-1D5C-4CEF-BC4E-E45C36CF37AB}.Release|Any CPU.Build.0 = Release|Any CPU
	EndGlobalSection
	GlobalSection(SolutionProperties) = preSolution
		HideSolutionNode = FALSE
	EndGlobalSection
	GlobalSection(NestedProjects) = preSolution
		{A3A739C6-D552-4EE4-BD2E-DF86C9488155} = {0449C1ED-0C1C-4768-8336-85CA367D359D}
	EndGlobalSection
	GlobalSection(ExtensibilityGlobals) = postSolution
		SolutionGuid = {433C6924-B05D-4550-8BBF-6942151FC95C}
	EndGlobalSection
EndGlobal
